{
  "name": "shared",
  "version": "1.0.0",
  "lockfileVersion": 2,
  "requires": true,
  "packages": {
    "": {
      "name": "shared",
      "version": "1.0.0",
      "dependencies": {
        "typesafer": "github:justinyaodu/typesafer"
      },
      "devDependencies": {
        "typescript": "^4.7.4"
      }
    },
    "node_modules/typesafer": {
      "version": "0.0.0",
      "resolved": "git+ssh://git@github.com/justinyaodu/typesafer.git#d2620694f590e8a0c67deb99759838cb06aeda6a"
    },
    "node_modules/typescript": {
      "version": "4.7.4",
      "resolved": "https://registry.npmjs.org/typescript/-/typescript-4.7.4.tgz",
      "integrity": "sha512-C0WQT0gezHuw6AdY1M2jxUO83Rjf0HP7Sk1DtXj6j1EwkQNZrHAg2XPWlq62oqEhYvONq5pkC2Y9oPljWToLmQ==",
      "dev": true,
      "bin": {
        "tsc": "bin/tsc",
        "tsserver": "bin/tsserver"
      },
      "engines": {
        "node": ">=4.2.0"
      }
    }
  },
  "dependencies": {
    "typesafer": {
      "version": "git+ssh://git@github.com/justinyaodu/typesafer.git#d2620694f590e8a0c67deb99759838cb06aeda6a",
      "from": "typesafer@git+https://github.com/justinyaodu/typesafer.git"
    },
    "typescript": {
      "version": "4.7.4",
      "resolved": "https://registry.npmjs.org/typescript/-/typescript-4.7.4.tgz",
      "integrity": "sha512-C0WQT0gezHuw6AdY1M2jxUO83Rjf0HP7Sk1DtXj6j1EwkQNZrHAg2XPWlq62oqEhYvONq5pkC2Y9oPljWToLmQ==",
      "dev": true
    }
  }
}
